
Microsoft Visual Studio Solution File, Format Version 12.00
# Visual Studio Version 17
VisualStudioVersion = 17.11.35327.3
MinimumVisualStudioVersion = 10.0.40219.1
Project("{FAE04EC0-301F-11D3-BF4B-00C04F79EFBC}") = "SecondConsoleApp", "SecondConsoleApp\SecondConsoleApp.csproj", "{784D5206-7B08-493D-B595-3D2E24BAA316}"
EndProject
Project("{FAE04EC0-301F-11D3-BF4B-00C04F79EFBC}") = "SecondWindowsFormsApp", "SecondWindowsFormsApp\SecondWindowsFormsApp.csproj", "{EA98EFE1-2B5C-4C3A-BEB4-A3DB824C2FA0}"
EndProject
Global
	GlobalSection(SolutionConfigurationPlatforms) = preSolution
		Debug|Any CPU = Debug|Any CPU
		Release|Any CPU = Release|Any CPU
	EndGlobalSection
	GlobalSection(ProjectConfigurationPlatforms) = postSolution
		{784D5206-7B08-493D-B595-3D2E24BAA316}.Debug|Any CPU.ActiveCfg = Debug|Any CPU
		{784D5206-7B08-493D-B595-3D2E24BAA316}.Debug|Any CPU.Build.0 = Debug|Any CPU
		{784D5206-7B08-493D-B595-3D2E24BAA316}.Release|Any CPU.ActiveCfg = Release|Any CPU
		{784D5206-7B08-493D-B595-3D2E24BAA316}.Release|Any CPU.Build.0 = Release|Any CPU
		{EA98EFE1-2B5C-4C3A-BEB4-A3DB824C2FA0}.Debug|Any CPU.ActiveCfg = Debug|Any CPU
		{EA98EFE1-2B5C-4C3A-BEB4-A3DB824C2FA0}.Debug|Any CPU.Build.0 = Debug|Any CPU
		{EA98EFE1-2B5C-4C3A-BEB4-A3DB824C2FA0}.Release|Any CPU.ActiveCfg = Release|Any CPU
		{EA98EFE1-2B5C-4C3A-BEB4-A3DB824C2FA0}.Release|Any CPU.Build.0 = Release|Any CPU
	EndGlobalSection
	GlobalSection(SolutionProperties) = preSolution
		HideSolutionNode = FALSE
	EndGlobalSection
	GlobalSection(ExtensibilityGlobals) = postSolution
		SolutionGuid = {AD387E4D-01A9-44D7-81E5-3E0CF3AE3FB0}
	EndGlobalSection
EndGlobal
